{
  "name": "borderify",
  "lockfileVersion": 3,
  "requires": true,
  "packages": {
    "": {
      "dependencies": {
        "simple": "^0.2.0",
        "simple-versioner": "^1.2.0"
      }
    },
    "node_modules/commander": {
      "version": "1.0.5",
      "resolved": "https://registry.npmjs.org/commander/-/commander-1.0.5.tgz",
      "integrity": "sha512-Iil6cZ1vitahfQSTrGO3L4v3dtvnfyGpKkXN+aJV9uR24JYxhM9bUfBLat65nU7cIXzOcnkjGtfdCuqaO1caIQ==",
      "dependencies": {
        "keypress": "0.1.x"
      },
      "engines": {
        "node": ">= 0.6.x"
      }
    },
    "node_modules/keypress": {
      "version": "0.1.0",
      "resolved": "https://registry.npmjs.org/keypress/-/keypress-0.1.0.tgz",
      "integrity": "sha512-x0yf9PL/nx9Nw9oLL8ZVErFAk85/lslwEP7Vz7s5SI1ODXZIgit3C5qyWjw4DxOuO/3Hb4866SQh28a1V1d+WA=="
    },
    "node_modules/mime": {
      "version": "1.2.11",
      "resolved": "https://registry.npmjs.org/mime/-/mime-1.2.11.tgz",
      "integrity": "sha512-Ysa2F/nqTNGHhhm9MV8ure4+Hc+Y8AWiqUdHxsO7xu8zc92ND9f3kpALHjaP026Ft17UfxrMt95c50PLUeynBw=="
    },
    "node_modules/simple": {
      "version": "0.2.0",
      "resolved": "https://registry.npmjs.org/simple/-/simple-0.2.0.tgz",
      "integrity": "sha512-1fgBmt/AWwJ0pBUyNCYYTSPK9iu0tYGYV4cEbBbrBRlLDNeyIqQoAyxtA/bJH/bhwoty2gR5ABeqfJDrsvT9sQ==",
      "dependencies": {
        "commander": "~1.0.0",
        "mime": "~1.2.6"
      },
      "bin": {
        "simple": "bin/index.js"
      },
      "engines": {
        "node": "*"
      }
    },
    "node_modules/simple-versioner": {
      "version": "1.2.0",
      "resolved": "https://registry.npmjs.org/simple-versioner/-/simple-versioner-1.2.0.tgz",
      "integrity": "sha512-L82JIcbURLdFi2WEV2/QSygzHKx1hTJVqbtPuzikd7VWgW6aYUs2N3zglw0tWxLLkyBrIC1Ocds+1bTaPp4RSw==",
      "bin": {
        "simple-versioner": "lib/bin.js"
      }
    }
  }
}
