{
  "name": "themes",
  "lockfileVersion": 3,
  "requires": true,
  "packages": {
    "": {
      "dependencies": {
        "simple-versioner": "^1.2.0"
      }
    },
    "node_modules/simple-versioner": {
      "version": "1.2.0",
      "resolved": "https://registry.npmjs.org/simple-versioner/-/simple-versioner-1.2.0.tgz",
      "integrity": "sha512-L82JIcbURLdFi2WEV2/QSygzHKx1hTJVqbtPuzikd7VWgW6aYUs2N3zglw0tWxLLkyBrIC1Ocds+1bTaPp4RSw==",
      "bin": {
        "simple-versioner": "lib/bin.js"
      }
    }
  }
}
